{
  "name": "@quolu/observer",
  "version": "0.1.1",
  "lockfileVersion": 3,
  "requires": true,
  "packages": {
    "": {
      "name": "@quolu/observer",
      "version": "0.1.1",
      "license": "MIT",
      "bin": {
        "observer": "bin/observer.mjs",
        "observer-claude-characterization": "bin/observer-claude-characterization.mjs",
        "observer-hook-config": "bin/observer-hook-config.mjs",
        "observer-mcp": "bin/observer-mcp.mjs",
        "observer-parent-stop-hook": "bin/observer-parent-stop-hook.mjs"
      },
      "engines": {
        "node": ">=22.13"
      }
    }
  }
}
